
Microsoft Visual Studio Solution File, Format Version 12.00
# Visual Studio Version 17
VisualStudioVersion = 17.5.33530.505
MinimumVisualStudioVersion = 10.0.40219.1
Project("{9A19103F-16F7-4668-BE54-9A1E7A4F7556}") = "Doobee.Engine", "Doobee.Engine\Doobee.Engine.csproj", "{67BB5C40-ADD0-4F23-AEFF-71D2FE203F8D}"
EndProject
Project("{9A19103F-16F7-4668-BE54-9A1E7A4F7556}") = "Doobee.Engine.Test", "Doobee.Engine.Test\Doobee.Engine.Test.csproj", "{E3504045-BCED-49AD-A5C4-048B3C9240B5}"
EndProject
Project("{9A19103F-16F7-4668-BE54-9A1E7A4F7556}") = "Doobee.Parser", "Doobee.Parser\Doobee.Parser.csproj", "{A79A81A2-3FE6-4298-806F-EE5132BBD7FB}"
EndProject
Project("{FAE04EC0-301F-11D3-BF4B-00C04F79EFBC}") = "Doobee.Parser.Test", "Doobee.Parser.Test\Doobee.Parser.Test.csproj", "{2E93A7ED-2809-4A92-9CE2-D89E8B58F7B1}"
EndProject
Global
	GlobalSection(SolutionConfigurationPlatforms) = preSolution
		Debug|Any CPU = Debug|Any CPU
		Release|Any CPU = Release|Any CPU
	EndGlobalSection
	GlobalSection(ProjectConfigurationPlatforms) = postSolution
		{67BB5C40-ADD0-4F23-AEFF-71D2FE203F8D}.Debug|Any CPU.ActiveCfg = Debug|Any CPU
		{67BB5C40-ADD0-4F23-AEFF-71D2FE203F8D}.Debug|Any CPU.Build.0 = Debug|Any CPU
		{67BB5C40-ADD0-4F23-AEFF-71D2FE203F8D}.Release|Any CPU.ActiveCfg = Release|Any CPU
		{67BB5C40-ADD0-4F23-AEFF-71D2FE203F8D}.Release|Any CPU.Build.0 = Release|Any CPU
		{E3504045-BCED-49AD-A5C4-048B3C9240B5}.Debug|Any CPU.ActiveCfg = Debug|Any CPU
		{E3504045-BCED-49AD-A5C4-048B3C9240B5}.Debug|Any CPU.Build.0 = Debug|Any CPU
		{E3504045-BCED-49AD-A5C4-048B3C9240B5}.Release|Any CPU.ActiveCfg = Release|Any CPU
		{E3504045-BCED-49AD-A5C4-048B3C9240B5}.Release|Any CPU.Build.0 = Release|Any CPU
		{A79A81A2-3FE6-4298-806F-EE5132BBD7FB}.Debug|Any CPU.ActiveCfg = Debug|Any CPU
		{A79A81A2-3FE6-4298-806F-EE5132BBD7FB}.Debug|Any CPU.Build.0 = Debug|Any CPU
		{A79A81A2-3FE6-4298-806F-EE5132BBD7FB}.Release|Any CPU.ActiveCfg = Release|Any CPU
		{A79A81A2-3FE6-4298-806F-EE5132BBD7FB}.Release|Any CPU.Build.0 = Release|Any CPU
		{2E93A7ED-2809-4A92-9CE2-D89E8B58F7B1}.Debug|Any CPU.ActiveCfg = Debug|Any CPU
		{2E93A7ED-2809-4A92-9CE2-D89E8B58F7B1}.Debug|Any CPU.Build.0 = Debug|Any CPU
		{2E93A7ED-2809-4A92-9CE2-D89E8B58F7B1}.Release|Any CPU.ActiveCfg = Release|Any CPU
		{2E93A7ED-2809-4A92-9CE2-D89E8B58F7B1}.Release|Any CPU.Build.0 = Release|Any CPU
	EndGlobalSection
	GlobalSection(SolutionProperties) = preSolution
		HideSolutionNode = FALSE
	EndGlobalSection
	GlobalSection(ExtensibilityGlobals) = postSolution
		SolutionGuid = {D1971E98-ECFC-4D04-AA91-D61D75EC9E63}
	EndGlobalSection
EndGlobal
